
Microsoft Visual Studio Solution File, Format Version 12.00
# Visual Studio 15
VisualStudioVersion = 15.0.27130.2036
MinimumVisualStudioVersion = 10.0.40219.1
Project("{9A19103F-16F7-4668-BE54-9A1E7A4F7556}") = "CJ.IdentityServer.Web", "CJ.IdentityServer.Web\CJ.IdentityServer.Web.csproj", "{1718EEFD-13A3-4D96-A6F5-5756DC54BAAC}"
EndProject
Project("{9A19103F-16F7-4668-BE54-9A1E7A4F7556}") = "CJ.MvcClient", "CJ.MvcClient\CJ.MvcClient.csproj", "{FAFFDD99-2F45-4985-AE65-7A4BE0ADA652}"
EndProject
Project("{2150E333-8FDC-42A3-9474-1A3956D46DE8}") = "CJ.IdentityServer", "CJ.IdentityServer", "{7A391513-84C9-441B-90FB-7A31F082D10F}"
EndProject
Project("{2150E333-8FDC-42A3-9474-1A3956D46DE8}") = "Interfaces", "Interfaces", "{FE99C326-233C-475A-B109-41D3228B7F47}"
EndProject
Project("{2150E333-8FDC-42A3-9474-1A3956D46DE8}") = "Services", "Services", "{4B0F44EB-80F0-48B9-B935-A2B9B5B9F6CF}"
EndProject
Project("{2150E333-8FDC-42A3-9474-1A3956D46DE8}") = "Data", "Data", "{8ACB353A-BE23-416A-A96B-46D05B76416E}"
EndProject
Project("{FAE04EC0-301F-11D3-BF4B-00C04F79EFBC}") = "CJ.IdentityServer.Interfaces", "CJ.IdentityServer.Interfaces\CJ.IdentityServer.Interfaces.csproj", "{0540DCA6-AF70-4CB2-BF82-04F75D6C7F77}"
EndProject
Project("{2150E333-8FDC-42A3-9474-1A3956D46DE8}") = "Web", "Web", "{7D6C5216-CB92-4D33-B046-BB60D6F86EEC}"
EndProject
Project("{FAE04EC0-301F-11D3-BF4B-00C04F79EFBC}") = "CJ.IdentityServer.ServiceModels", "CJ.IdentityServer.ServiceModels\CJ.IdentityServer.ServiceModels.csproj", "{D30FEE8A-3FF4-474A-9C25-7CF88578E1A2}"
EndProject
Project("{FAE04EC0-301F-11D3-BF4B-00C04F79EFBC}") = "CJ.IdentityServer.Services", "CJ.IdentityServer.Services\CJ.IdentityServer.Services.csproj", "{5502817F-1F03-456A-9C52-55D686F8D985}"
EndProject
Project("{2150E333-8FDC-42A3-9474-1A3956D46DE8}") = "DomainModels", "DomainModels", "{9A91A150-0E69-4496-9EFB-0BDA707879B2}"
EndProject
Global
	GlobalSection(SolutionConfigurationPlatforms) = preSolution
		Debug|Any CPU = Debug|Any CPU
		Release|Any CPU = Release|Any CPU
	EndGlobalSection
	GlobalSection(ProjectConfigurationPlatforms) = postSolution
		{1718EEFD-13A3-4D96-A6F5-5756DC54BAAC}.Debug|Any CPU.ActiveCfg = Debug|Any CPU
		{1718EEFD-13A3-4D96-A6F5-5756DC54BAAC}.Debug|Any CPU.Build.0 = Debug|Any CPU
		{1718EEFD-13A3-4D96-A6F5-5756DC54BAAC}.Release|Any CPU.ActiveCfg = Release|Any CPU
		{1718EEFD-13A3-4D96-A6F5-5756DC54BAAC}.Release|Any CPU.Build.0 = Release|Any CPU
		{FAFFDD99-2F45-4985-AE65-7A4BE0ADA652}.Debug|Any CPU.ActiveCfg = Debug|Any CPU
		{FAFFDD99-2F45-4985-AE65-7A4BE0ADA652}.Debug|Any CPU.Build.0 = Debug|Any CPU
		{FAFFDD99-2F45-4985-AE65-7A4BE0ADA652}.Release|Any CPU.ActiveCfg = Release|Any CPU
		{FAFFDD99-2F45-4985-AE65-7A4BE0ADA652}.Release|Any CPU.Build.0 = Release|Any CPU
		{0540DCA6-AF70-4CB2-BF82-04F75D6C7F77}.Debug|Any CPU.ActiveCfg = Debug|Any CPU
		{0540DCA6-AF70-4CB2-BF82-04F75D6C7F77}.Debug|Any CPU.Build.0 = Debug|Any CPU
		{0540DCA6-AF70-4CB2-BF82-04F75D6C7F77}.Release|Any CPU.ActiveCfg = Release|Any CPU
		{0540DCA6-AF70-4CB2-BF82-04F75D6C7F77}.Release|Any CPU.Build.0 = Release|Any CPU
		{D30FEE8A-3FF4-474A-9C25-7CF88578E1A2}.Debug|Any CPU.ActiveCfg = Debug|Any CPU
		{D30FEE8A-3FF4-474A-9C25-7CF88578E1A2}.Debug|Any CPU.Build.0 = Debug|Any CPU
		{D30FEE8A-3FF4-474A-9C25-7CF88578E1A2}.Release|Any CPU.ActiveCfg = Release|Any CPU
		{D30FEE8A-3FF4-474A-9C25-7CF88578E1A2}.Release|Any CPU.Build.0 = Release|Any CPU
		{5502817F-1F03-456A-9C52-55D686F8D985}.Debug|Any CPU.ActiveCfg = Debug|Any CPU
		{5502817F-1F03-456A-9C52-55D686F8D985}.Debug|Any CPU.Build.0 = Debug|Any CPU
		{5502817F-1F03-456A-9C52-55D686F8D985}.Release|Any CPU.ActiveCfg = Release|Any CPU
		{5502817F-1F03-456A-9C52-55D686F8D985}.Release|Any CPU.Build.0 = Release|Any CPU
	EndGlobalSection
	GlobalSection(SolutionProperties) = preSolution
		HideSolutionNode = FALSE
	EndGlobalSection
	GlobalSection(NestedProjects) = preSolution
		{1718EEFD-13A3-4D96-A6F5-5756DC54BAAC} = {7D6C5216-CB92-4D33-B046-BB60D6F86EEC}
		{FE99C326-233C-475A-B109-41D3228B7F47} = {7A391513-84C9-441B-90FB-7A31F082D10F}
		{4B0F44EB-80F0-48B9-B935-A2B9B5B9F6CF} = {7A391513-84C9-441B-90FB-7A31F082D10F}
		{8ACB353A-BE23-416A-A96B-46D05B76416E} = {7A391513-84C9-441B-90FB-7A31F082D10F}
		{0540DCA6-AF70-4CB2-BF82-04F75D6C7F77} = {FE99C326-233C-475A-B109-41D3228B7F47}
		{7D6C5216-CB92-4D33-B046-BB60D6F86EEC} = {7A391513-84C9-441B-90FB-7A31F082D10F}
		{D30FEE8A-3FF4-474A-9C25-7CF88578E1A2} = {9A91A150-0E69-4496-9EFB-0BDA707879B2}
		{5502817F-1F03-456A-9C52-55D686F8D985} = {4B0F44EB-80F0-48B9-B935-A2B9B5B9F6CF}
		{9A91A150-0E69-4496-9EFB-0BDA707879B2} = {7A391513-84C9-441B-90FB-7A31F082D10F}
	EndGlobalSection
	GlobalSection(ExtensibilityGlobals) = postSolution
		SolutionGuid = {78DB1225-3102-46D1-B26B-4103F00F8EE3}
	EndGlobalSection
EndGlobal
